
Microsoft Visual Studio Solution File, Format Version 12.00
# Visual Studio Version 17
VisualStudioVersion = 17.9.34728.123
MinimumVisualStudioVersion = 10.0.40219.1
Project("{FAE04EC0-301F-11D3-BF4B-00C04F79EFBC}") = "DiscordVideoCompressor", "DiscordVideoCompressor\DiscordVideoCompressor.csproj", "{96855A3C-3CFD-4ED9-8128-E14D9F49C8C8}"
EndProject
Global
	GlobalSection(SolutionConfigurationPlatforms) = preSolution
		Debug|Any CPU = Debug|Any CPU
		Release|Any CPU = Release|Any CPU
	EndGlobalSection
	GlobalSection(ProjectConfigurationPlatforms) = postSolution
		{96855A3C-3CFD-4ED9-8128-E14D9F49C8C8}.Debug|Any CPU.ActiveCfg = Debug|Any CPU
		{96855A3C-3CFD-4ED9-8128-E14D9F49C8C8}.Debug|Any CPU.Build.0 = Debug|Any CPU
		{96855A3C-3CFD-4ED9-8128-E14D9F49C8C8}.Release|Any CPU.ActiveCfg = Release|Any CPU
		{96855A3C-3CFD-4ED9-8128-E14D9F49C8C8}.Release|Any CPU.Build.0 = Release|Any CPU
	EndGlobalSection
	GlobalSection(SolutionProperties) = preSolution
		HideSolutionNode = FALSE
	EndGlobalSection
	GlobalSection(ExtensibilityGlobals) = postSolution
		SolutionGuid = {ED0AC832-C246-42F7-A770-A4F08B93F4FA}
	EndGlobalSection
EndGlobal
